// !$*UTF8*$!
{
	archiveVersion = 1;
	classes = {
	};
	objectVersion = 46;
	objects = {

/* Begin PBXBuildFile section */
		388CBD491B1811B400E862E4 /* AppDelegate.swift in Sources */ = {isa = PBXBuildFile; fileRef = 388CBD481B1811B400E862E4 /* AppDelegate.swift */; };
		388CBD4B1B1811B400E862E4 /* ViewController.swift in Sources */ = {isa = PBXBuildFile; fileRef = 388CBD4A1B1811B400E862E4 /* ViewController.swift */; };
		388CBD4E1B1811B400E862E4 /* Main.storyboard in Resources */ = {isa = PBXBuildFile; fileRef = 388CBD4C1B1811B400E862E4 /* Main.storyboard */; };
		388CBD501B1811B400E862E4 /* Images.xcassets in Resources */ = {isa = PBXBuildFile; fileRef = 388CBD4F1B1811B400E862E4 /* Images.xcassets */; };
		388CBD531B1811B400E862E4 /* LaunchScreen.xib in Resources */ = {isa = PBXBuildFile; fileRef = 388CBD511B1811B400E862E4 /* LaunchScreen.xib */; };
		388CBD5F1B1811B400E862E4 /* facesTests.swift in Sources */ = {isa = PBXBuildFile; fileRef = 388CBD5E1B1811B400E862E4 /* facesTests.swift */; };
/* End PBXBuildFile section */

/* Begin PBXContainerItemProxy section */
		388CBD591B1811B400E862E4 /* PBXContainerItemProxy */ = {
			isa = PBXContainerItemProxy;
			containerPortal = 388CBD3B1B1811B400E862E4 /* Project object */;
			proxyType = 1;
			remoteGlobalIDString = 388CBD421B1811B400E862E4;
			remoteInfo = faces;
		};
/* End PBXContainerItemProxy section */

/* Begin PBXCopyFilesBuildPhase section */
		38702CE51BB861F900F7021E /* Embed Watch Content */ = {
			isa = PBXCopyFilesBuildPhase;
			buildActionMask = 2147483647;
			dstPath = "$(CONTENTS_FOLDER_PATH)/Watch";
			dstSubfolderSpec = 16;
			files = (
			);
			name = "Embed Watch Content";
			runOnlyForDeploymentPostprocessing = 0;
		};
		38B993751BAF836B000C33AC /* Embed App Extensions */ = {
			isa = PBXCopyFilesBuildPhase;
			buildActionMask = 2147483647;
			dstPath = "";
			dstSubfolderSpec = 13;
			files = (
			);
			name = "Embed App Extensions";
			runOnlyForDeploymentPostprocessing = 0;
		};
/* End PBXCopyFilesBuildPhase section */

/* Begin PBXFileReference section */
		388CBD431B1811B400E862E4 /* faces.app */ = {isa = PBXFileReference; explicitFileType = wrapper.application; includeInIndex = 0; path = faces.app; sourceTree = BUILT_PRODUCTS_DIR; };
		388CBD471B1811B400E862E4 /* Info.plist */ = {isa = PBXFileReference; lastKnownFileType = text.plist.xml; path = Info.plist; sourceTree = "<group>"; };
		388CBD481B1811B400E862E4 /* AppDelegate.swift */ = {isa = PBXFileReference; lastKnownFileType = sourcecode.swift; path = AppDelegate.swift; sourceTree = "<group>"; };
		388CBD4A1B1811B400E862E4 /* ViewController.swift */ = {isa = PBXFileReference; lastKnownFileType = sourcecode.swift; path = ViewController.swift; sourceTree = "<group>"; };
		388CBD4D1B1811B400E862E4 /* Base */ = {isa = PBXFileReference; lastKnownFileType = file.storyboard; name = Base; path = Base.lproj/Main.storyboard; sourceTree = "<group>"; };
		388CBD4F1B1811B400E862E4 /* Images.xcassets */ = {isa = PBXFileReference; lastKnownFileType = folder.assetcatalog; path = Images.xcassets; sourceTree = "<group>"; };
		388CBD521B1811B400E862E4 /* Base */ = {isa = PBXFileReference; lastKnownFileType = file.xib; name = Base; path = Base.lproj/LaunchScreen.xib; sourceTree = "<group>"; };
		388CBD581B1811B400E862E4 /* facesTests.xctest */ = {isa = PBXFileReference; explicitFileType = wrapper.cfbundle; includeInIndex = 0; path = facesTests.xctest; sourceTree = BUILT_PRODUCTS_DIR; };
		388CBD5D1B1811B400E862E4 /* Info.plist */ = {isa = PBXFileReference; lastKnownFileType = text.plist.xml; path = Info.plist; sourceTree = "<group>"; };
		388CBD5E1B1811B400E862E4 /* facesTests.swift */ = {isa = PBXFileReference; lastKnownFileType = sourcecode.swift; path = facesTests.swift; sourceTree = "<group>"; };
/* End PBXFileReference section */

/* Begin PBXFrameworksBuildPhase section */
		388CBD401B1811B400E862E4 /* Frameworks */ = {
			isa = PBXFrameworksBuildPhase;
			buildActionMask = 2147483647;
			files = (
			);
			runOnlyForDeploymentPostprocessing = 0;
		};
		388CBD551B1811B400E862E4 /* Frameworks */ = {
			isa = PBXFrameworksBuildPhase;
			buildActionMask = 2147483647;
			files = (
			);
			runOnlyForDeploymentPostprocessing = 0;
		};
/* End PBXFrameworksBuildPhase section */

/* Begin PBXGroup section */
		388CBD3A1B1811B400E862E4 = {
			isa = PBXGroup;
			children = (
				388CBD451B1811B400E862E4 /* faces */,
				388CBD5B1B1811B400E862E4 /* facesTests */,
				388CBD441B1811B400E862E4 /* Products */,
			);
			sourceTree = "<group>";
		};
		388CBD441B1811B400E862E4 /* Products */ = {
			isa = PBXGroup;
			children = (
				388CBD431B1811B400E862E4 /* faces.app */,
				388CBD581B1811B400E862E4 /* facesTests.xctest */,
			);
			name = Products;
			sourceTree = "<group>";
		};
		388CBD451B1811B400E862E4 /* faces */ = {
			isa = PBXGroup;
			children = (
				388CBD481B1811B400E862E4 /* AppDelegate.swift */,
				388CBD4A1B1811B400E862E4 /* ViewController.swift */,
				388CBD4C1B1811B400E862E4 /* Main.storyboard */,
				388CBD4F1B1811B400E862E4 /* Images.xcassets */,
				388CBD511B1811B400E862E4 /* LaunchScreen.xib */,
				388CBD461B1811B400E862E4 /* Supporting Files */,
			);
			path = faces;
			sourceTree = "<group>";
		};
		388CBD461B1811B400E862E4 /* Supporting Files */ = {
			isa = PBXGroup;
			children = (
				388CBD471B1811B400E862E4 /* Info.plist */,
			);
			name = "Supporting Files";
			sourceTree = "<group>";
		};
		388CBD5B1B1811B400E862E4 /* facesTests */ = {
			isa = PBXGroup;
			children = (
				388CBD5E1B1811B400E862E4 /* facesTests.swift */,
				388CBD5C1B1811B400E862E4 /* Supporting Files */,
			);
			path = facesTests;
			sourceTree = "<group>";
		};
		388CBD5C1B1811B400E862E4 /* Supporting Files */ = {
			isa = PBXGroup;
			children = (
				388CBD5D1B1811B400E862E4 /* Info.plist */,
			);
			name = "Supporting Files";
			sourceTree = "<group>";
		};
/* End PBXGroup section */

/* Begin PBXNativeTarget section */
		388CBD421B1811B400E862E4 /* faces */ = {
			isa = PBXNativeTarget;
			buildConfigurationList = 388CBD621B1811B400E862E4 /* Build configuration list for PBXNativeTarget "faces" */;
			buildPhases = (
				388CBD3F1B1811B400E862E4 /* Sources */,
				388CBD401B1811B400E862E4 /* Frameworks */,
				388CBD411B1811B400E862E4 /* Resources */,
				38B993751BAF836B000C33AC /* Embed App Extensions */,
				38702CE51BB861F900F7021E /* Embed Watch Content */,
			);
			buildRules = (
			);
			dependencies = (
			);
			name = faces;
			productName = faces;
			productReference = 388CBD431B1811B400E862E4 /* faces.app */;
			productType = "com.apple.product-type.application";
		};
		388CBD571B1811B400E862E4 /* facesTests */ = {
			isa = PBXNativeTarget;
			buildConfigurationList = 388CBD651B1811B400E862E4 /* Build configuration list for PBXNativeTarget "facesTests" */;
			buildPhases = (
				388CBD541B1811B400E862E4 /* Sources */,
				388CBD551B1811B400E862E4 /* Frameworks */,
				388CBD561B1811B400E862E4 /* Resources */,
			);
			buildRules = (
			);
			dependencies = (
				388CBD5A1B1811B400E862E4 /* PBXTargetDependency */,
			);
			name = facesTests;
			productName = facesTests;
			productReference = 388CBD581B1811B400E862E4 /* facesTests.xctest */;
			productType = "com.apple.product-type.bundle.unit-test";
		};
/* End PBXNativeTarget section */

/* Begin PBXProject section */
		388CBD3B1B1811B400E862E4 /* Project object */ = {
			isa = PBXProject;
			attributes = {
				LastSwiftMigration = 0710;
				LastSwiftUpdateCheck = 0710;
				LastUpgradeCheck = 0630;
				ORGANIZATIONNAME = "Nelida Velázquez";
				TargetAttributes = {
					388CBD421B1811B400E862E4 = {
						CreatedOnToolsVersion = 6.3.2;
					};
					388CBD571B1811B400E862E4 = {
						CreatedOnToolsVersion = 6.3.2;
						TestTargetID = 388CBD421B1811B400E862E4;
					};
				};
			};
			buildConfigurationList = 388CBD3E1B1811B400E862E4 /* Build configuration list for PBXProject "faces" */;
			compatibilityVersion = "Xcode 3.2";
			developmentRegion = English;
			hasScannedForEncodings = 0;
			knownRegions = (
				en,
				Base,
			);
			mainGroup = 388CBD3A1B1811B400E862E4;
			productRefGroup = 388CBD441B1811B400E862E4 /* Products */;
			projectDirPath = "";
			projectRoot = "";
			targets = (
				388CBD421B1811B400E862E4 /* faces */,
				388CBD571B1811B400E862E4 /* facesTests */,
			);
		};
/* End PBXProject section */

/* Begin PBXResourcesBuildPhase section */
		388CBD411B1811B400E862E4 /* Resources */ = {
			isa = PBXResourcesBuildPhase;
			buildActionMask = 2147483647;
			files = (
				388CBD4E1B1811B400E862E4 /* Main.storyboard in Resources */,
				388CBD531B1811B400E862E4 /* LaunchScreen.xib in Resources */,
				388CBD501B1811B400E862E4 /* Images.xcassets in Resources */,
			);
			runOnlyForDeploymentPostprocessing = 0;
		};
		388CBD561B1811B400E862E4 /* Resources */ = {
			isa = PBXResourcesBuildPhase;
			buildActionMask = 2147483647;
			files = (
			);
			runOnlyForDeploymentPostprocessing = 0;
		};
/* End PBXResourcesBuildPhase section */

/* Begin PBXSourcesBuildPhase section */
		388CBD3F1B1811B400E862E4 /* Sources */ = {
			isa = PBXSourcesBuildPhase;
			buildActionMask = 2147483647;
			files = (
				388CBD4B1B1811B400E862E4 /* ViewController.swift in Sources */,
				388CBD491B1811B400E862E4 /* AppDelegate.swift in Sources */,
			);
			runOnlyForDeploymentPostprocessing = 0;
		};
		388CBD541B1811B400E862E4 /* Sources */ = {
			isa = PBXSourcesBuildPhase;
			buildActionMask = 2147483647;
			files = (
				388CBD5F1B1811B400E862E4 /* facesTests.swift in Sources */,
			);
			runOnlyForDeploymentPostprocessing = 0;
		};
/* End PBXSourcesBuildPhase section */

/* Begin PBXTargetDependency section */
		388CBD5A1B1811B400E862E4 /* PBXTargetDependency */ = {
			isa = PBXTargetDependency;
			target = 388CBD421B1811B400E862E4 /* faces */;
			targetProxy = 388CBD591B1811B400E862E4 /* PBXContainerItemProxy */;
		};
/* End PBXTargetDependency section */

/* Begin PBXVariantGroup section */
		388CBD4C1B1811B400E862E4 /* Main.storyboard */ = {
			isa = PBXVariantGroup;
			children = (
				388CBD4D1B1811B400E862E4 /* Base */,
			);
			name = Main.storyboard;
			sourceTree = "<group>";
		};
		388CBD511B1811B400E862E4 /* LaunchScreen.xib */ = {
			isa = PBXVariantGroup;
			children = (
				388CBD521B1811B400E862E4 /* Base */,
			);
			name = LaunchScreen.xib;
			sourceTree = "<group>";
		};
/* End PBXVariantGroup section */

/* Begin XCBuildConfiguration section */
		388CBD601B1811B400E862E4 /* Debug */ = {
			isa = XCBuildConfiguration;
			buildSettings = {
				ALWAYS_SEARCH_USER_PATHS = NO;
				CLANG_CXX_LANGUAGE_STANDARD = "gnu++0x";
				CLANG_CXX_LIBRARY = "libc++";
				CLANG_ENABLE_MODULES = YES;
				CLANG_ENABLE_OBJC_ARC = YES;
				CLANG_WARN_BOOL_CONVERSION = YES;
				CLANG_WARN_CONSTANT_CONVERSION = YES;
				CLANG_WARN_DIRECT_OBJC_ISA_USAGE = YES_ERROR;
				CLANG_WARN_EMPTY_BODY = YES;
				CLANG_WARN_ENUM_CONVERSION = YES;
				CLANG_WARN_INT_CONVERSION = YES;
				CLANG_WARN_OBJC_ROOT_CLASS = YES_ERROR;
				CLANG_WARN_UNREACHABLE_CODE = YES;
				CLANG_WARN__DUPLICATE_METHOD_MATCH = YES;
				"CODE_SIGN_IDENTITY[sdk=iphoneos*]" = "iPhone Developer";
				COPY_PHASE_STRIP = NO;
				DEBUG_INFORMATION_FORMAT = "dwarf-with-dsym";
				ENABLE_STRICT_OBJC_MSGSEND = YES;
				GCC_C_LANGUAGE_STANDARD = gnu99;
				GCC_DYNAMIC_NO_PIC = NO;
				GCC_NO_COMMON_BLOCKS = YES;
				GCC_OPTIMIZATION_LEVEL = 0;
				GCC_PREPROCESSOR_DEFINITIONS = (
					"DEBUG=1",
					"$(inherited)",
				);
				GCC_SYMBOLS_PRIVATE_EXTERN = NO;
				GCC_WARN_64_TO_32_BIT_CONVERSION = YES;
				GCC_WARN_ABOUT_RETURN_TYPE = YES_ERROR;
				GCC_WARN_UNDECLARED_SELECTOR = YES;
				GCC_WARN_UNINITIALIZED_AUTOS = YES_AGGRESSIVE;
				GCC_WARN_UNUSED_FUNCTION = YES;
				GCC_WARN_UNUSED_VARIABLE = YES;
				IPHONEOS_DEPLOYMENT_TARGET = 9.0;
				MTL_ENABLE_DEBUG_INFO = YES;
				ONLY_ACTIVE_ARCH = YES;
				SDKROOT = iphoneos;
				SWIFT_OPTIMIZATION_LEVEL = "-Onone";
			};
			name = Debug;
		};
		388CBD611B1811B400E862E4 /* Release */ = {
			isa = XCBuildConfiguration;
			buildSettings = {
				ALWAYS_SEARCH_USER_PATHS = NO;
				CLANG_CXX_LANGUAGE_STANDARD = "gnu++0x";
				CLANG_CXX_LIBRARY = "libc++";
				CLANG_ENABLE_MODULES = YES;
				CLANG_ENABLE_OBJC_ARC = YES;
				CLANG_WARN_BOOL_CONVERSION = YES;
				CLANG_WARN_CONSTANT_CONVERSION = YES;
				CLANG_WARN_DIRECT_OBJC_ISA_USAGE = YES_ERROR;
				CLANG_WARN_EMPTY_BODY = YES;
				CLANG_WARN_ENUM_CONVERSION = YES;
				CLANG_WARN_INT_CONVERSION = YES;
				CLANG_WARN_OBJC_ROOT_CLASS = YES_ERROR;
				CLANG_WARN_UNREACHABLE_CODE = YES;
				CLANG_WARN__DUPLICATE_METHOD_MATCH = YES;
				"CODE_SIGN_IDENTITY[sdk=iphoneos*]" = "iPhone Developer";
				COPY_PHASE_STRIP = NO;
				DEBUG_INFORMATION_FORMAT = "dwarf-with-dsym";
				ENABLE_NS_ASSERTIONS = NO;
				ENABLE_STRICT_OBJC_MSGSEND = YES;
				GCC_C_LANGUAGE_STANDARD = gnu99;
				GCC_NO_COMMON_BLOCKS = YES;
				GCC_WARN_64_TO_32_BIT_CONVERSION = YES;
				GCC_WARN_ABOUT_RETURN_TYPE = YES_ERROR;
				GCC_WARN_UNDECLARED_SELECTOR = YES;
				GCC_WARN_UNINITIALIZED_AUTOS = YES_AGGRESSIVE;
				GCC_WARN_UNUSED_FUNCTION = YES;
				GCC_WARN_UNUSED_VARIABLE = YES;
				IPHONEOS_DEPLOYMENT_TARGET = 9.0;
				MTL_ENABLE_DEBUG_INFO = NO;
				SDKROOT = iphoneos;
				VALIDATE_PRODUCT = YES;
			};
			name = Release;
		};
		388CBD631B1811B400E862E4 /* Debug */ = {
			isa = XCBuildConfiguration;
			buildSettings = {
				ASSETCATALOG_COMPILER_APPICON_NAME = AppIcon;
				INFOPLIST_FILE = faces/Info.plist;
				IPHONEOS_DEPLOYMENT_TARGET = 9.0;
				LD_RUNPATH_SEARCH_PATHS = "$(inherited) @executable_path/Frameworks";
				PRODUCT_NAME = "$(TARGET_NAME)";
				WATCHOS_DEPLOYMENT_TARGET = 2.0;
			};
			name = Debug;
		};
		388CBD641B1811B400E862E4 /* Release */ = {
			isa = XCBuildConfiguration;
			buildSettings = {
				ASSETCATALOG_COMPILER_APPICON_NAME = AppIcon;
				INFOPLIST_FILE = faces/Info.plist;
				IPHONEOS_DEPLOYMENT_TARGET = 9.0;
				LD_RUNPATH_SEARCH_PATHS = "$(inherited) @executable_path/Frameworks";
				PRODUCT_NAME = "$(TARGET_NAME)";
				WATCHOS_DEPLOYMENT_TARGET = 2.0;
			};
			name = Release;
		};
		388CBD661B1811B400E862E4 /* Debug */ = {
			isa = XCBuildConfiguration;
			buildSettings = {
				BUNDLE_LOADER = "$(TEST_HOST)";
				FRAMEWORK_SEARCH_PATHS = (
					"$(SDKROOT)/Developer/Library/Frameworks",
					"$(inherited)",
				);
				GCC_PREPROCESSOR_DEFINITIONS = (
					"DEBUG=1",
					"$(inherited)",
				);
				INFOPLIST_FILE = facesTests/Info.plist;
				LD_RUNPATH_SEARCH_PATHS = "$(inherited) @executable_path/Frameworks @loader_path/Frameworks";
				PRODUCT_NAME = "$(TARGET_NAME)";
				TEST_HOST = "$(BUILT_PRODUCTS_DIR)/faces.app/faces";
			};
			name = Debug;
		};
		388CBD671B1811B400E862E4 /* Release */ = {
			isa = XCBuildConfiguration;
			buildSettings = {
				BUNDLE_LOADER = "$(TEST_HOST)";
				FRAMEWORK_SEARCH_PATHS = (
					"$(SDKROOT)/Developer/Library/Frameworks",
					"$(inherited)",
				);
				INFOPLIST_FILE = facesTests/Info.plist;
				LD_RUNPATH_SEARCH_PATHS = "$(inherited) @executable_path/Frameworks @loader_path/Frameworks";
				PRODUCT_NAME = "$(TARGET_NAME)";
				TEST_HOST = "$(BUILT_PRODUCTS_DIR)/faces.app/faces";
			};
			name = Release;
		};
/* End XCBuildConfiguration section */

/* Begin XCConfigurationList section */
		388CBD3E1B1811B400E862E4 /* Build configuration list for PBXProject "faces" */ = {
			isa = XCConfigurationList;
			buildConfigurations = (
				388CBD601B1811B400E862E4 /* Debug */,
				388CBD611B1811B400E862E4 /* Release */,
			);
			defaultConfigurationIsVisible = 0;
			defaultConfigurationName = Release;
		};
		388CBD621B1811B400E862E4 /* Build configuration list for PBXNativeTarget "faces" */ = {
			isa = XCConfigurationList;
			buildConfigurations = (
				388CBD631B1811B400E862E4 /* Debug */,
				388CBD641B1811B400E862E4 /* Release */,
			);
			defaultConfigurationIsVisible = 0;
			defaultConfigurationName = Release;
		};
		388CBD651B1811B400E862E4 /* Build configuration list for PBXNativeTarget "facesTests" */ = {
			isa = XCConfigurationList;
			buildConfigurations = (
				388CBD661B1811B400E862E4 /* Debug */,
				388CBD671B1811B400E862E4 /* Release */,
			);
			defaultConfigurationIsVisible = 0;
			defaultConfigurationName = Release;
		};
/* End XCConfigurationList section */
	};
	rootObject = 388CBD3B1B1811B400E862E4 /* Project object */;
}
